
Microsoft Visual Studio Solution File, Format Version 12.00
Project("{FAE04EC0-301F-11D3-BF4B-00C04F79EFBC}") = "SomeService1", "SomeService1\SomeService1.csproj", "{EACB2D34-68B8-4A40-954D-773AC402A02B}"
EndProject
Project("{FAE04EC0-301F-11D3-BF4B-00C04F79EFBC}") = "SomeService2", "SomeService2\SomeService2.csproj", "{5FFCDD51-206A-43A8-8970-E172F90B42A3}"
EndProject
Project("{FAE04EC0-301F-11D3-BF4B-00C04F79EFBC}") = "Shared", "Shared\Shared.csproj", "{CA966180-74A3-434F-A98F-38BCF20BED84}"
EndProject
Project("{FAE04EC0-301F-11D3-BF4B-00C04F79EFBC}") = "Contracts", "Contracts\Contracts.csproj", "{C960935E-E81A-47D9-9F8D-DB3BEAAB837A}"
EndProject
Project("{FAE04EC0-301F-11D3-BF4B-00C04F79EFBC}") = "SomeService1.Tests", "SomeService1.Tests\SomeService1.Tests.csproj", "{DE67BE4E-4A18-41EA-96F1-EFFEBA26F3BA}"
EndProject
Project("{FAE04EC0-301F-11D3-BF4B-00C04F79EFBC}") = "SomeService2.Tests", "SomeService2.Tests\SomeService2.Tests.csproj", "{63CE2DDC-45B4-4DC3-A26A-F9E13B9D1CE0}"
EndProject
Global
	GlobalSection(SolutionConfigurationPlatforms) = preSolution
		Debug|Any CPU = Debug|Any CPU
		Release|Any CPU = Release|Any CPU
	EndGlobalSection
	GlobalSection(ProjectConfigurationPlatforms) = postSolution
		{EACB2D34-68B8-4A40-954D-773AC402A02B}.Debug|Any CPU.ActiveCfg = Debug|Any CPU
		{EACB2D34-68B8-4A40-954D-773AC402A02B}.Debug|Any CPU.Build.0 = Debug|Any CPU
		{EACB2D34-68B8-4A40-954D-773AC402A02B}.Release|Any CPU.ActiveCfg = Release|Any CPU
		{EACB2D34-68B8-4A40-954D-773AC402A02B}.Release|Any CPU.Build.0 = Release|Any CPU
		{5FFCDD51-206A-43A8-8970-E172F90B42A3}.Debug|Any CPU.ActiveCfg = Debug|Any CPU
		{5FFCDD51-206A-43A8-8970-E172F90B42A3}.Debug|Any CPU.Build.0 = Debug|Any CPU
		{5FFCDD51-206A-43A8-8970-E172F90B42A3}.Release|Any CPU.ActiveCfg = Release|Any CPU
		{5FFCDD51-206A-43A8-8970-E172F90B42A3}.Release|Any CPU.Build.0 = Release|Any CPU
		{CA966180-74A3-434F-A98F-38BCF20BED84}.Debug|Any CPU.ActiveCfg = Debug|Any CPU
		{CA966180-74A3-434F-A98F-38BCF20BED84}.Debug|Any CPU.Build.0 = Debug|Any CPU
		{CA966180-74A3-434F-A98F-38BCF20BED84}.Release|Any CPU.ActiveCfg = Release|Any CPU
		{CA966180-74A3-434F-A98F-38BCF20BED84}.Release|Any CPU.Build.0 = Release|Any CPU
		{C960935E-E81A-47D9-9F8D-DB3BEAAB837A}.Debug|Any CPU.ActiveCfg = Debug|Any CPU
		{C960935E-E81A-47D9-9F8D-DB3BEAAB837A}.Debug|Any CPU.Build.0 = Debug|Any CPU
		{C960935E-E81A-47D9-9F8D-DB3BEAAB837A}.Release|Any CPU.ActiveCfg = Release|Any CPU
		{C960935E-E81A-47D9-9F8D-DB3BEAAB837A}.Release|Any CPU.Build.0 = Release|Any CPU
		{DE67BE4E-4A18-41EA-96F1-EFFEBA26F3BA}.Debug|Any CPU.ActiveCfg = Debug|Any CPU
		{DE67BE4E-4A18-41EA-96F1-EFFEBA26F3BA}.Debug|Any CPU.Build.0 = Debug|Any CPU
		{DE67BE4E-4A18-41EA-96F1-EFFEBA26F3BA}.Release|Any CPU.ActiveCfg = Release|Any CPU
		{DE67BE4E-4A18-41EA-96F1-EFFEBA26F3BA}.Release|Any CPU.Build.0 = Release|Any CPU
		{63CE2DDC-45B4-4DC3-A26A-F9E13B9D1CE0}.Debug|Any CPU.ActiveCfg = Debug|Any CPU
		{63CE2DDC-45B4-4DC3-A26A-F9E13B9D1CE0}.Debug|Any CPU.Build.0 = Debug|Any CPU
		{63CE2DDC-45B4-4DC3-A26A-F9E13B9D1CE0}.Release|Any CPU.ActiveCfg = Release|Any CPU
		{63CE2DDC-45B4-4DC3-A26A-F9E13B9D1CE0}.Release|Any CPU.Build.0 = Release|Any CPU
	EndGlobalSection
EndGlobal
